
Microsoft Visual Studio Solution File, Format Version 12.00
# Visual Studio Version 16
VisualStudioVersion = 16.0.31205.134
MinimumVisualStudioVersion = 10.0.40219.1
Project("{9A19103F-16F7-4668-BE54-9A1E7A4F7556}") = "Trackers", "Trackers\Trackers.csproj", "{12A2E052-2B66-4739-AAB8-B37551176916}"
EndProject
Global
	GlobalSection(SolutionConfigurationPlatforms) = preSolution
		Debug|Any CPU = Debug|Any CPU
		Release|Any CPU = Release|Any CPU
	EndGlobalSection
	GlobalSection(ProjectConfigurationPlatforms) = postSolution
		{12A2E052-2B66-4739-AAB8-B37551176916}.Debug|Any CPU.ActiveCfg = Debug|Any CPU
		{12A2E052-2B66-4739-AAB8-B37551176916}.Debug|Any CPU.Build.0 = Debug|Any CPU
		{12A2E052-2B66-4739-AAB8-B37551176916}.Release|Any CPU.ActiveCfg = Release|Any CPU
		{12A2E052-2B66-4739-AAB8-B37551176916}.Release|Any CPU.Build.0 = Release|Any CPU
	EndGlobalSection
	GlobalSection(SolutionProperties) = preSolution
		HideSolutionNode = FALSE
	EndGlobalSection
	GlobalSection(ExtensibilityGlobals) = postSolution
		SolutionGuid = {1ADCEC81-8465-4452-A09B-0EBE0BD5853B}
	EndGlobalSection
EndGlobal
